schema: '2.0'
stages:
  process:
    cmd: python src/process.py -c params.yaml
    deps:
    - path: data/salaries.csv
      hash: md5
      md5: a8df254add131e8074a36daf1be4a37b
      size: 931521
    - path: src/process.py
      hash: md5
      md5: d12f7705192dc6da27af847130e111d3
      size: 1398
    params:
      params.yaml:
        process.seed: 42
        process.test_split_size: 0.2
    outs:
    - path: outputs/features
      hash: md5
      md5: ff02cd9ad7a5db8949a13de2c3ff265c.dir
      size: 999167
      nfiles: 3
  train:
    cmd: python src/train.py -c params.yaml
    deps:
    - path: outputs/best_params
      hash: md5
      md5: b335367366a7df216892eaa8e3797fa7.dir
      size: 243
      nfiles: 1
    - path: outputs/features
      hash: md5
      md5: ff02cd9ad7a5db8949a13de2c3ff265c.dir
      size: 999167
      nfiles: 3
    - path: src/train.py
      hash: md5
      md5: 48d214358fff9029fdf09b53ba89f968
      size: 1030
    outs:
    - path: outputs/model
      hash: md5
      md5: 3238b5b68c7272810a17bb0e21dcaff8.dir
      size: 455747
      nfiles: 1
  eval:
    cmd: python src/eval.py -c params.yaml
    deps:
    - path: outputs/features
      hash: md5
      md5: ff02cd9ad7a5db8949a13de2c3ff265c.dir
      size: 999167
      nfiles: 3
    - path: outputs/model/model.pkl
      hash: md5
      md5: 76e0c1b6a90adc175901a6bb415773b7
      size: 455747
    - path: src/eval.py
      hash: md5
      md5: a6432d8abb48f9635932350b92aa6a4a
      size: 1728
    outs:
    - path: outputs/eval
      hash: md5
      md5: 1000e574961b9f44b3da353d29b986f0.dir
      size: 42781
      nfiles: 3
  optimize:
    cmd: python src/optimize.py -c params.yaml
    deps:
    - path: outputs/features
      hash: md5
      md5: ff02cd9ad7a5db8949a13de2c3ff265c.dir
      size: 999167
      nfiles: 3
    - path: src/optimize.py
      hash: md5
      md5: 1eef9cb5ec9c2f6e6e789194bc5cdc04
      size: 1924
    params:
      params.yaml:
        optimize.n_trials: 20
        optimize.seed: 42
    outs:
    - path: outputs/best_params
      hash: md5
      md5: b335367366a7df216892eaa8e3797fa7.dir
      size: 243
      nfiles: 1
