schema: '2.0'
stages:
  process:
    cmd: python src/process.py -c params.yaml
    deps:
    - path: data/salaries.csv
      hash: md5
      md5: a8df254add131e8074a36daf1be4a37b
      size: 931521
    - path: src/process.py
      hash: md5
      md5: d12f7705192dc6da27af847130e111d3
      size: 1398
    params:
      params.yaml:
        process.seed: 42
        process.test_split_size: 0.2
    outs:
    - path: outputs/features
      hash: md5
      md5: ff02cd9ad7a5db8949a13de2c3ff265c.dir
      size: 999167
      nfiles: 3
  train:
    cmd: python src/train.py -c params.yaml
    deps:
    - path: outputs/best_params
      hash: md5
      md5: c8d6189617a50fad1fddd8d2510a4055.dir
      size: 243
      nfiles: 1
    - path: outputs/features
      hash: md5
      md5: ff02cd9ad7a5db8949a13de2c3ff265c.dir
      size: 999167
      nfiles: 3
    - path: src/train.py
      hash: md5
      md5: 48d214358fff9029fdf09b53ba89f968
      size: 1030
    outs:
    - path: outputs/model
      hash: md5
      md5: 2ab878048068a8324c852bd9706d6211.dir
      size: 31625375
      nfiles: 1
  eval:
    cmd: python src/eval.py -c params.yaml
    deps:
    - path: outputs/features
      hash: md5
      md5: ff02cd9ad7a5db8949a13de2c3ff265c.dir
      size: 999167
      nfiles: 3
    - path: outputs/model/model.pkl
      hash: md5
      md5: 47d4e6ae65706731c402dfc1afd0f745
      size: 31625375
    - path: src/eval.py
      hash: md5
      md5: a6432d8abb48f9635932350b92aa6a4a
      size: 1728
    outs:
    - path: outputs/eval
      hash: md5
      md5: 3b965054f3c7b6b1fd31ccd08acba01c.dir
      size: 43493
      nfiles: 3
  optimize:
    cmd: python src/optimize.py -c params.yaml
    deps:
    - path: outputs/features
      hash: md5
      md5: ff02cd9ad7a5db8949a13de2c3ff265c.dir
      size: 999167
      nfiles: 3
    - path: src/optimize.py
      hash: md5
      md5: 5058e24755e51530422ce41ba6783648
      size: 1911
    params:
      params.yaml:
        optimize.n_trials: 20
        optimize.seed: 42
    outs:
    - path: outputs/best_params
      hash: md5
      md5: c8d6189617a50fad1fddd8d2510a4055.dir
      size: 243
      nfiles: 1
